
Microsoft Visual Studio Solution File, Format Version 12.00
# Visual Studio Version 16
VisualStudioVersion = 16.0.31019.35
MinimumVisualStudioVersion = 10.0.40219.1
Project("{FAE04EC0-301F-11D3-BF4B-00C04F79EFBC}") = "Food-chain-website", "Food-chain-website\Food-chain-website.csproj", "{29411350-B8DE-439B-BD5C-3C569C67CF1D}"
EndProject
Global
	GlobalSection(SolutionConfigurationPlatforms) = preSolution
		Debug|Any CPU = Debug|Any CPU
		Release|Any CPU = Release|Any CPU
	EndGlobalSection
	GlobalSection(ProjectConfigurationPlatforms) = postSolution
		{29411350-B8DE-439B-BD5C-3C569C67CF1D}.Debug|Any CPU.ActiveCfg = Debug|Any CPU
		{29411350-B8DE-439B-BD5C-3C569C67CF1D}.Debug|Any CPU.Build.0 = Debug|Any CPU
		{29411350-B8DE-439B-BD5C-3C569C67CF1D}.Release|Any CPU.ActiveCfg = Release|Any CPU
		{29411350-B8DE-439B-BD5C-3C569C67CF1D}.Release|Any CPU.Build.0 = Release|Any CPU
	EndGlobalSection
	GlobalSection(SolutionProperties) = preSolution
		HideSolutionNode = FALSE
	EndGlobalSection
	GlobalSection(ExtensibilityGlobals) = postSolution
		SolutionGuid = {1ED5401F-0446-411C-B243-ABF5470046DD}
	EndGlobalSection
EndGlobal
